// !$*UTF8*$!
{
	archiveVersion = 1;
	classes = {
	};
	objectVersion = 50;
	objects = {

/* Begin PBXBuildFile section */
		23198F722261204700CD747F /* LocationService.swift in Sources */ = {isa = PBXBuildFile; fileRef = 23198F712261204700CD747F /* LocationService.swift */; };
		23198F75226382AA00CD747F /* Observable+Helpers.swift in Sources */ = {isa = PBXBuildFile; fileRef = 23198F74226382AA00CD747F /* Observable+Helpers.swift */; };
		23198F7722639E5000CD747F /* RealmConfiguration.swift in Sources */ = {isa = PBXBuildFile; fileRef = 23198F7622639E5000CD747F /* RealmConfiguration.swift */; };
		234A1B21225A88B000C89020 /* AppDelegate.swift in Sources */ = {isa = PBXBuildFile; fileRef = 234A1B20225A88B000C89020 /* AppDelegate.swift */; };
		234A1B28225A88B000C89020 /* Main.storyboard in Resources */ = {isa = PBXBuildFile; fileRef = 234A1B26225A88B000C89020 /* Main.storyboard */; };
		234A1B2A225A88B100C89020 /* Assets.xcassets in Resources */ = {isa = PBXBuildFile; fileRef = 234A1B29225A88B100C89020 /* Assets.xcassets */; };
		234A1B2D225A88B100C89020 /* LaunchScreen.storyboard in Resources */ = {isa = PBXBuildFile; fileRef = 234A1B2B225A88B100C89020 /* LaunchScreen.storyboard */; };
		234A1B38225A88B100C89020 /* Weather_LoggerTests.swift in Sources */ = {isa = PBXBuildFile; fileRef = 234A1B37225A88B100C89020 /* Weather_LoggerTests.swift */; };
		234A1B43225A88B100C89020 /* Weather_LoggerUITests.swift in Sources */ = {isa = PBXBuildFile; fileRef = 234A1B42225A88B100C89020 /* Weather_LoggerUITests.swift */; };
		234A1B54225A90FC00C89020 /* HomeViewController.swift in Sources */ = {isa = PBXBuildFile; fileRef = 234A1B53225A90FC00C89020 /* HomeViewController.swift */; };
		236BAF15225CE14B006D369E /* WeatherApi.swift in Sources */ = {isa = PBXBuildFile; fileRef = 236BAF14225CE14B006D369E /* WeatherApi.swift */; };
		236BAF17225CE2DA006D369E /* ApiResponseParser.swift in Sources */ = {isa = PBXBuildFile; fileRef = 236BAF16225CE2DA006D369E /* ApiResponseParser.swift */; };
		236BAF1A225D1739006D369E /* CurrentWeatherResponseParser.swift in Sources */ = {isa = PBXBuildFile; fileRef = 236BAF19225D1739006D369E /* CurrentWeatherResponseParser.swift */; };
		236BAF1D225D1836006D369E /* Weather.swift in Sources */ = {isa = PBXBuildFile; fileRef = 236BAF1C225D1836006D369E /* Weather.swift */; };
		236BAF1E225D1836006D369E /* Weather.swift in Sources */ = {isa = PBXBuildFile; fileRef = 236BAF1C225D1836006D369E /* Weather.swift */; };
		236BAF1F225D183C006D369E /* CurrentWeatherResponseParser.swift in Sources */ = {isa = PBXBuildFile; fileRef = 236BAF19225D1739006D369E /* CurrentWeatherResponseParser.swift */; };
		236BAF20225D1B38006D369E /* ApiResponseParser.swift in Sources */ = {isa = PBXBuildFile; fileRef = 236BAF16225CE2DA006D369E /* ApiResponseParser.swift */; };
		236BAF21225D1B3F006D369E /* WeatherApi.swift in Sources */ = {isa = PBXBuildFile; fileRef = 236BAF14225CE14B006D369E /* WeatherApi.swift */; };
		236BAF23225D1CD2006D369E /* CurrentWeatherResponseParserTests.swift in Sources */ = {isa = PBXBuildFile; fileRef = 236BAF22225D1CD2006D369E /* CurrentWeatherResponseParserTests.swift */; };
		236BAF28225D3B2A006D369E /* WeatherViewModel.swift in Sources */ = {isa = PBXBuildFile; fileRef = 236BAF27225D3B2A006D369E /* WeatherViewModel.swift */; };
		23AC0CC3225BCD2600F23684 /* LogHistoryViewController.swift in Sources */ = {isa = PBXBuildFile; fileRef = 23AC0CC2225BCD2600F23684 /* LogHistoryViewController.swift */; };
		8EBCC2D80E8639C3B4F1281F /* Pods_Weather_LoggerUITests.framework in Frameworks */ = {isa = PBXBuildFile; fileRef = A19E11DCB105A320AB085D5E /* Pods_Weather_LoggerUITests.framework */; };
		93F4811B29045BB46AB9368A /* Pods_Weather_LoggerTests.framework in Frameworks */ = {isa = PBXBuildFile; fileRef = FC8583343CA6038696AAAFE5 /* Pods_Weather_LoggerTests.framework */; };
		B34C8A97895ADF75EA4864E9 /* Pods_Weather_Logger.framework in Frameworks */ = {isa = PBXBuildFile; fileRef = 1817767B087B1C044AB65C0A /* Pods_Weather_Logger.framework */; };
/* End PBXBuildFile section */

/* Begin PBXContainerItemProxy section */
		234A1B34225A88B100C89020 /* PBXContainerItemProxy */ = {
			isa = PBXContainerItemProxy;
			containerPortal = 234A1B15225A88B000C89020 /* Project object */;
			proxyType = 1;
			remoteGlobalIDString = 234A1B1C225A88B000C89020;
			remoteInfo = "Weather Logger";
		};
		234A1B3F225A88B100C89020 /* PBXContainerItemProxy */ = {
			isa = PBXContainerItemProxy;
			containerPortal = 234A1B15225A88B000C89020 /* Project object */;
			proxyType = 1;
			remoteGlobalIDString = 234A1B1C225A88B000C89020;
			remoteInfo = "Weather Logger";
		};
/* End PBXContainerItemProxy section */

/* Begin PBXFileReference section */
		1817767B087B1C044AB65C0A /* Pods_Weather_Logger.framework */ = {isa = PBXFileReference; explicitFileType = wrapper.framework; includeInIndex = 0; path = Pods_Weather_Logger.framework; sourceTree = BUILT_PRODUCTS_DIR; };
		23198F712261204700CD747F /* LocationService.swift */ = {isa = PBXFileReference; lastKnownFileType = sourcecode.swift; path = LocationService.swift; sourceTree = "<group>"; };
		23198F74226382AA00CD747F /* Observable+Helpers.swift */ = {isa = PBXFileReference; lastKnownFileType = sourcecode.swift; path = "Observable+Helpers.swift"; sourceTree = "<group>"; };
		23198F7622639E5000CD747F /* RealmConfiguration.swift */ = {isa = PBXFileReference; lastKnownFileType = sourcecode.swift; path = RealmConfiguration.swift; sourceTree = "<group>"; };
		234A1B1D225A88B000C89020 /* Weather Logger.app */ = {isa = PBXFileReference; explicitFileType = wrapper.application; includeInIndex = 0; path = "Weather Logger.app"; sourceTree = BUILT_PRODUCTS_DIR; };
		234A1B20225A88B000C89020 /* AppDelegate.swift */ = {isa = PBXFileReference; lastKnownFileType = sourcecode.swift; path = AppDelegate.swift; sourceTree = "<group>"; };
		234A1B27225A88B000C89020 /* Base */ = {isa = PBXFileReference; lastKnownFileType = file.storyboard; name = Base; path = Base.lproj/Main.storyboard; sourceTree = "<group>"; };
		234A1B29225A88B100C89020 /* Assets.xcassets */ = {isa = PBXFileReference; lastKnownFileType = folder.assetcatalog; path = Assets.xcassets; sourceTree = "<group>"; };
		234A1B2C225A88B100C89020 /* Base */ = {isa = PBXFileReference; lastKnownFileType = file.storyboard; name = Base; path = Base.lproj/LaunchScreen.storyboard; sourceTree = "<group>"; };
		234A1B2E225A88B100C89020 /* Info.plist */ = {isa = PBXFileReference; lastKnownFileType = text.plist.xml; path = Info.plist; sourceTree = "<group>"; };
		234A1B33225A88B100C89020 /* Weather LoggerTests.xctest */ = {isa = PBXFileReference; explicitFileType = wrapper.cfbundle; includeInIndex = 0; path = "Weather LoggerTests.xctest"; sourceTree = BUILT_PRODUCTS_DIR; };
		234A1B37225A88B100C89020 /* Weather_LoggerTests.swift */ = {isa = PBXFileReference; lastKnownFileType = sourcecode.swift; path = Weather_LoggerTests.swift; sourceTree = "<group>"; };
		234A1B39225A88B100C89020 /* Info.plist */ = {isa = PBXFileReference; lastKnownFileType = text.plist.xml; path = Info.plist; sourceTree = "<group>"; };
		234A1B3E225A88B100C89020 /* Weather LoggerUITests.xctest */ = {isa = PBXFileReference; explicitFileType = wrapper.cfbundle; includeInIndex = 0; path = "Weather LoggerUITests.xctest"; sourceTree = BUILT_PRODUCTS_DIR; };
		234A1B42225A88B100C89020 /* Weather_LoggerUITests.swift */ = {isa = PBXFileReference; lastKnownFileType = sourcecode.swift; path = Weather_LoggerUITests.swift; sourceTree = "<group>"; };
		234A1B44225A88B100C89020 /* Info.plist */ = {isa = PBXFileReference; lastKnownFileType = text.plist.xml; path = Info.plist; sourceTree = "<group>"; };
		234A1B53225A90FC00C89020 /* HomeViewController.swift */ = {isa = PBXFileReference; lastKnownFileType = sourcecode.swift; path = HomeViewController.swift; sourceTree = "<group>"; };
		236BAF14225CE14B006D369E /* WeatherApi.swift */ = {isa = PBXFileReference; lastKnownFileType = sourcecode.swift; path = WeatherApi.swift; sourceTree = "<group>"; };
		236BAF16225CE2DA006D369E /* ApiResponseParser.swift */ = {isa = PBXFileReference; lastKnownFileType = sourcecode.swift; path = ApiResponseParser.swift; sourceTree = "<group>"; };
		236BAF19225D1739006D369E /* CurrentWeatherResponseParser.swift */ = {isa = PBXFileReference; lastKnownFileType = sourcecode.swift; path = CurrentWeatherResponseParser.swift; sourceTree = "<group>"; };
		236BAF1C225D1836006D369E /* Weather.swift */ = {isa = PBXFileReference; lastKnownFileType = sourcecode.swift; path = Weather.swift; sourceTree = "<group>"; };
		236BAF22225D1CD2006D369E /* CurrentWeatherResponseParserTests.swift */ = {isa = PBXFileReference; lastKnownFileType = sourcecode.swift; path = CurrentWeatherResponseParserTests.swift; sourceTree = "<group>"; };
		236BAF27225D3B2A006D369E /* WeatherViewModel.swift */ = {isa = PBXFileReference; lastKnownFileType = sourcecode.swift; path = WeatherViewModel.swift; sourceTree = "<group>"; };
		23AC0CC2225BCD2600F23684 /* LogHistoryViewController.swift */ = {isa = PBXFileReference; lastKnownFileType = sourcecode.swift; path = LogHistoryViewController.swift; sourceTree = "<group>"; };
		291E91885623F049C4F61DE4 /* Pods-Weather LoggerUITests.release.xcconfig */ = {isa = PBXFileReference; includeInIndex = 1; lastKnownFileType = text.xcconfig; name = "Pods-Weather LoggerUITests.release.xcconfig"; path = "Pods/Target Support Files/Pods-Weather LoggerUITests/Pods-Weather LoggerUITests.release.xcconfig"; sourceTree = "<group>"; };
		2CC68E33D283ABBB20EE3D72 /* Pods-Weather LoggerTests.debug.xcconfig */ = {isa = PBXFileReference; includeInIndex = 1; lastKnownFileType = text.xcconfig; name = "Pods-Weather LoggerTests.debug.xcconfig"; path = "Pods/Target Support Files/Pods-Weather LoggerTests/Pods-Weather LoggerTests.debug.xcconfig"; sourceTree = "<group>"; };
		7F0CFD61B37C1C2B11C575EC /* Pods-Weather LoggerTests.release.xcconfig */ = {isa = PBXFileReference; includeInIndex = 1; lastKnownFileType = text.xcconfig; name = "Pods-Weather LoggerTests.release.xcconfig"; path = "Pods/Target Support Files/Pods-Weather LoggerTests/Pods-Weather LoggerTests.release.xcconfig"; sourceTree = "<group>"; };
		88F3B927B73009CD03D0FDCB /* Pods-Weather Logger.release.xcconfig */ = {isa = PBXFileReference; includeInIndex = 1; lastKnownFileType = text.xcconfig; name = "Pods-Weather Logger.release.xcconfig"; path = "Pods/Target Support Files/Pods-Weather Logger/Pods-Weather Logger.release.xcconfig"; sourceTree = "<group>"; };
		A19E11DCB105A320AB085D5E /* Pods_Weather_LoggerUITests.framework */ = {isa = PBXFileReference; explicitFileType = wrapper.framework; includeInIndex = 0; path = Pods_Weather_LoggerUITests.framework; sourceTree = BUILT_PRODUCTS_DIR; };
		D78B38D4637BE9B9AAB6A023 /* Pods-Weather LoggerUITests.debug.xcconfig */ = {isa = PBXFileReference; includeInIndex = 1; lastKnownFileType = text.xcconfig; name = "Pods-Weather LoggerUITests.debug.xcconfig"; path = "Pods/Target Support Files/Pods-Weather LoggerUITests/Pods-Weather LoggerUITests.debug.xcconfig"; sourceTree = "<group>"; };
		DC548A8BBA80754634A88F96 /* Pods-Weather Logger.debug.xcconfig */ = {isa = PBXFileReference; includeInIndex = 1; lastKnownFileType = text.xcconfig; name = "Pods-Weather Logger.debug.xcconfig"; path = "Pods/Target Support Files/Pods-Weather Logger/Pods-Weather Logger.debug.xcconfig"; sourceTree = "<group>"; };
		FC8583343CA6038696AAAFE5 /* Pods_Weather_LoggerTests.framework */ = {isa = PBXFileReference; explicitFileType = wrapper.framework; includeInIndex = 0; path = Pods_Weather_LoggerTests.framework; sourceTree = BUILT_PRODUCTS_DIR; };
/* End PBXFileReference section */

/* Begin PBXFrameworksBuildPhase section */
		234A1B1A225A88B000C89020 /* Frameworks */ = {
			isa = PBXFrameworksBuildPhase;
			buildActionMask = 2147483647;
			files = (
				B34C8A97895ADF75EA4864E9 /* Pods_Weather_Logger.framework in Frameworks */,
			);
			runOnlyForDeploymentPostprocessing = 0;
		};
		234A1B30225A88B100C89020 /* Frameworks */ = {
			isa = PBXFrameworksBuildPhase;
			buildActionMask = 2147483647;
			files = (
				93F4811B29045BB46AB9368A /* Pods_Weather_LoggerTests.framework in Frameworks */,
			);
			runOnlyForDeploymentPostprocessing = 0;
		};
		234A1B3B225A88B100C89020 /* Frameworks */ = {
			isa = PBXFrameworksBuildPhase;
			buildActionMask = 2147483647;
			files = (
				8EBCC2D80E8639C3B4F1281F /* Pods_Weather_LoggerUITests.framework in Frameworks */,
			);
			runOnlyForDeploymentPostprocessing = 0;
		};
/* End PBXFrameworksBuildPhase section */

/* Begin PBXGroup section */
		23198F732263822A00CD747F /* Utils */ = {
			isa = PBXGroup;
			children = (
				23198F74226382AA00CD747F /* Observable+Helpers.swift */,
			);
			path = Utils;
			sourceTree = "<group>";
		};
		234A1B14225A88B000C89020 = {
			isa = PBXGroup;
			children = (
				234A1B1F225A88B000C89020 /* Weather Logger */,
				234A1B36225A88B100C89020 /* Weather LoggerTests */,
				234A1B41225A88B100C89020 /* Weather LoggerUITests */,
				234A1B1E225A88B000C89020 /* Products */,
				86AC40DC880DBF3B8C6E6473 /* Pods */,
				FBB748480FB19E18D5D1773A /* Frameworks */,
			);
			sourceTree = "<group>";
		};
		234A1B1E225A88B000C89020 /* Products */ = {
			isa = PBXGroup;
			children = (
				234A1B1D225A88B000C89020 /* Weather Logger.app */,
				234A1B33225A88B100C89020 /* Weather LoggerTests.xctest */,
				234A1B3E225A88B100C89020 /* Weather LoggerUITests.xctest */,
			);
			name = Products;
			sourceTree = "<group>";
		};
		234A1B1F225A88B000C89020 /* Weather Logger */ = {
			isa = PBXGroup;
			children = (
				236BAF12225CE011006D369E /* Service */,
				234A1B50225A898500C89020 /* Presentation */,
				234A1B20225A88B000C89020 /* AppDelegate.swift */,
				234A1B29225A88B100C89020 /* Assets.xcassets */,
				234A1B2E225A88B100C89020 /* Info.plist */,
			);
			path = "Weather Logger";
			sourceTree = "<group>";
		};
		234A1B36225A88B100C89020 /* Weather LoggerTests */ = {
			isa = PBXGroup;
			children = (
				236BAF22225D1CD2006D369E /* CurrentWeatherResponseParserTests.swift */,
				234A1B37225A88B100C89020 /* Weather_LoggerTests.swift */,
				234A1B39225A88B100C89020 /* Info.plist */,
			);
			path = "Weather LoggerTests";
			sourceTree = "<group>";
		};
		234A1B41225A88B100C89020 /* Weather LoggerUITests */ = {
			isa = PBXGroup;
			children = (
				234A1B42225A88B100C89020 /* Weather_LoggerUITests.swift */,
				234A1B44225A88B100C89020 /* Info.plist */,
			);
			path = "Weather LoggerUITests";
			sourceTree = "<group>";
		};
		234A1B50225A898500C89020 /* Presentation */ = {
			isa = PBXGroup;
			children = (
				23AC0CC0225BCCFD00F23684 /* Log History */,
				234A1B51225A899100C89020 /* Main */,
				23198F732263822A00CD747F /* Utils */,
				234A1B26225A88B000C89020 /* Main.storyboard */,
				234A1B2B225A88B100C89020 /* LaunchScreen.storyboard */,
			);
			path = Presentation;
			sourceTree = "<group>";
		};
		234A1B51225A899100C89020 /* Main */ = {
			isa = PBXGroup;
			children = (
				236BAF26225D3B10006D369E /* View Model */,
				234A1B52225A8A4100C89020 /* View Controller */,
			);
			path = Main;
			sourceTree = "<group>";
		};
		234A1B52225A8A4100C89020 /* View Controller */ = {
			isa = PBXGroup;
			children = (
				234A1B53225A90FC00C89020 /* HomeViewController.swift */,
			);
			path = "View Controller";
			sourceTree = "<group>";
		};
		236BAF12225CE011006D369E /* Service */ = {
			isa = PBXGroup;
			children = (
				236BAF13225CE050006D369E /* Weather */,
				236BAF16225CE2DA006D369E /* ApiResponseParser.swift */,
				23198F712261204700CD747F /* LocationService.swift */,
				23198F7622639E5000CD747F /* RealmConfiguration.swift */,
			);
			path = Service;
			sourceTree = "<group>";
		};
		236BAF13225CE050006D369E /* Weather */ = {
			isa = PBXGroup;
			children = (
				23910F79225E6445001F15C2 /* Parser */,
				236BAF1B225D17A4006D369E /* Model */,
				236BAF14225CE14B006D369E /* WeatherApi.swift */,
			);
			path = Weather;
			sourceTree = "<group>";
		};
		236BAF1B225D17A4006D369E /* Model */ = {
			isa = PBXGroup;
			children = (
				236BAF1C225D1836006D369E /* Weather.swift */,
			);
			path = Model;
			sourceTree = "<group>";
		};
		236BAF26225D3B10006D369E /* View Model */ = {
			isa = PBXGroup;
			children = (
				236BAF27225D3B2A006D369E /* WeatherViewModel.swift */,
			);
			path = "View Model";
			sourceTree = "<group>";
		};
		23910F79225E6445001F15C2 /* Parser */ = {
			isa = PBXGroup;
			children = (
				236BAF19225D1739006D369E /* CurrentWeatherResponseParser.swift */,
			);
			path = Parser;
			sourceTree = "<group>";
		};
		23AC0CC0225BCCFD00F23684 /* Log History */ = {
			isa = PBXGroup;
			children = (
				23AC0CC1225BCD1100F23684 /* View Controller */,
			);
			path = "Log History";
			sourceTree = "<group>";
		};
		23AC0CC1225BCD1100F23684 /* View Controller */ = {
			isa = PBXGroup;
			children = (
				23AC0CC2225BCD2600F23684 /* LogHistoryViewController.swift */,
			);
			path = "View Controller";
			sourceTree = "<group>";
		};
		86AC40DC880DBF3B8C6E6473 /* Pods */ = {
			isa = PBXGroup;
			children = (
				DC548A8BBA80754634A88F96 /* Pods-Weather Logger.debug.xcconfig */,
				88F3B927B73009CD03D0FDCB /* Pods-Weather Logger.release.xcconfig */,
				2CC68E33D283ABBB20EE3D72 /* Pods-Weather LoggerTests.debug.xcconfig */,
				7F0CFD61B37C1C2B11C575EC /* Pods-Weather LoggerTests.release.xcconfig */,
				D78B38D4637BE9B9AAB6A023 /* Pods-Weather LoggerUITests.debug.xcconfig */,
				291E91885623F049C4F61DE4 /* Pods-Weather LoggerUITests.release.xcconfig */,
			);
			name = Pods;
			sourceTree = "<group>";
		};
		FBB748480FB19E18D5D1773A /* Frameworks */ = {
			isa = PBXGroup;
			children = (
				1817767B087B1C044AB65C0A /* Pods_Weather_Logger.framework */,
				FC8583343CA6038696AAAFE5 /* Pods_Weather_LoggerTests.framework */,
				A19E11DCB105A320AB085D5E /* Pods_Weather_LoggerUITests.framework */,
			);
			name = Frameworks;
			sourceTree = "<group>";
		};
/* End PBXGroup section */

/* Begin PBXNativeTarget section */
		234A1B1C225A88B000C89020 /* Weather Logger */ = {
			isa = PBXNativeTarget;
			buildConfigurationList = 234A1B47225A88B100C89020 /* Build configuration list for PBXNativeTarget "Weather Logger" */;
			buildPhases = (
				212637782EABFC383A7481A1 /* [CP] Check Pods Manifest.lock */,
				234A1B19225A88B000C89020 /* Sources */,
				234A1B1A225A88B000C89020 /* Frameworks */,
				234A1B1B225A88B000C89020 /* Resources */,
				3980125A887690EDE4A6F31E /* [CP] Embed Pods Frameworks */,
			);
			buildRules = (
			);
			dependencies = (
			);
			name = "Weather Logger";
			productName = "Weather Logger";
			productReference = 234A1B1D225A88B000C89020 /* Weather Logger.app */;
			productType = "com.apple.product-type.application";
		};
		234A1B32225A88B100C89020 /* Weather LoggerTests */ = {
			isa = PBXNativeTarget;
			buildConfigurationList = 234A1B4A225A88B100C89020 /* Build configuration list for PBXNativeTarget "Weather LoggerTests" */;
			buildPhases = (
				EDF73242A3B063A2035C8FB5 /* [CP] Check Pods Manifest.lock */,
				234A1B2F225A88B100C89020 /* Sources */,
				234A1B30225A88B100C89020 /* Frameworks */,
				234A1B31225A88B100C89020 /* Resources */,
				31F7093B20A851CB0D7ECF0E /* [CP] Embed Pods Frameworks */,
			);
			buildRules = (
			);
			dependencies = (
				234A1B35225A88B100C89020 /* PBXTargetDependency */,
			);
			name = "Weather LoggerTests";
			productName = "Weather LoggerTests";
			productReference = 234A1B33225A88B100C89020 /* Weather LoggerTests.xctest */;
			productType = "com.apple.product-type.bundle.unit-test";
		};
		234A1B3D225A88B100C89020 /* Weather LoggerUITests */ = {
			isa = PBXNativeTarget;
			buildConfigurationList = 234A1B4D225A88B100C89020 /* Build configuration list for PBXNativeTarget "Weather LoggerUITests" */;
			buildPhases = (
				12F028F3D6D24D1F1765E125 /* [CP] Check Pods Manifest.lock */,
				234A1B3A225A88B100C89020 /* Sources */,
				234A1B3B225A88B100C89020 /* Frameworks */,
				234A1B3C225A88B100C89020 /* Resources */,
			);
			buildRules = (
			);
			dependencies = (
				234A1B40225A88B100C89020 /* PBXTargetDependency */,
			);
			name = "Weather LoggerUITests";
			productName = "Weather LoggerUITests";
			productReference = 234A1B3E225A88B100C89020 /* Weather LoggerUITests.xctest */;
			productType = "com.apple.product-type.bundle.ui-testing";
		};
/* End PBXNativeTarget section */

/* Begin PBXProject section */
		234A1B15225A88B000C89020 /* Project object */ = {
			isa = PBXProject;
			attributes = {
				LastSwiftUpdateCheck = 1020;
				LastUpgradeCheck = 1020;
				ORGANIZATIONNAME = "Eduards Mukans";
				TargetAttributes = {
					234A1B1C225A88B000C89020 = {
						CreatedOnToolsVersion = 10.2;
						SystemCapabilities = {
							com.apple.Maps.iOS = {
								enabled = 0;
							};
						};
					};
					234A1B32225A88B100C89020 = {
						CreatedOnToolsVersion = 10.2;
						TestTargetID = 234A1B1C225A88B000C89020;
					};
					234A1B3D225A88B100C89020 = {
						CreatedOnToolsVersion = 10.2;
						TestTargetID = 234A1B1C225A88B000C89020;
					};
				};
			};
			buildConfigurationList = 234A1B18225A88B000C89020 /* Build configuration list for PBXProject "Weather Logger" */;
			compatibilityVersion = "Xcode 9.3";
			developmentRegion = en;
			hasScannedForEncodings = 0;
			knownRegions = (
				en,
				Base,
			);
			mainGroup = 234A1B14225A88B000C89020;
			productRefGroup = 234A1B1E225A88B000C89020 /* Products */;
			projectDirPath = "";
			projectRoot = "";
			targets = (
				234A1B1C225A88B000C89020 /* Weather Logger */,
				234A1B32225A88B100C89020 /* Weather LoggerTests */,
				234A1B3D225A88B100C89020 /* Weather LoggerUITests */,
			);
		};
/* End PBXProject section */

/* Begin PBXResourcesBuildPhase section */
		234A1B1B225A88B000C89020 /* Resources */ = {
			isa = PBXResourcesBuildPhase;
			buildActionMask = 2147483647;
			files = (
				234A1B2D225A88B100C89020 /* LaunchScreen.storyboard in Resources */,
				234A1B2A225A88B100C89020 /* Assets.xcassets in Resources */,
				234A1B28225A88B000C89020 /* Main.storyboard in Resources */,
			);
			runOnlyForDeploymentPostprocessing = 0;
		};
		234A1B31225A88B100C89020 /* Resources */ = {
			isa = PBXResourcesBuildPhase;
			buildActionMask = 2147483647;
			files = (
			);
			runOnlyForDeploymentPostprocessing = 0;
		};
		234A1B3C225A88B100C89020 /* Resources */ = {
			isa = PBXResourcesBuildPhase;
			buildActionMask = 2147483647;
			files = (
			);
			runOnlyForDeploymentPostprocessing = 0;
		};
/* End PBXResourcesBuildPhase section */

/* Begin PBXShellScriptBuildPhase section */
		12F028F3D6D24D1F1765E125 /* [CP] Check Pods Manifest.lock */ = {
			isa = PBXShellScriptBuildPhase;
			buildActionMask = 2147483647;
			files = (
			);
			inputFileListPaths = (
			);
			inputPaths = (
				"${PODS_PODFILE_DIR_PATH}/Podfile.lock",
				"${PODS_ROOT}/Manifest.lock",
			);
			name = "[CP] Check Pods Manifest.lock";
			outputFileListPaths = (
			);
			outputPaths = (
				"$(DERIVED_FILE_DIR)/Pods-Weather LoggerUITests-checkManifestLockResult.txt",
			);
			runOnlyForDeploymentPostprocessing = 0;
			shellPath = /bin/sh;
			shellScript = "diff \"${PODS_PODFILE_DIR_PATH}/Podfile.lock\" \"${PODS_ROOT}/Manifest.lock\" > /dev/null\nif [ $? != 0 ] ; then\n    # print error to STDERR\n    echo \"error: The sandbox is not in sync with the Podfile.lock. Run 'pod install' or update your CocoaPods installation.\" >&2\n    exit 1\nfi\n# This output is used by Xcode 'outputs' to avoid re-running this script phase.\necho \"SUCCESS\" > \"${SCRIPT_OUTPUT_FILE_0}\"\n";
			showEnvVarsInLog = 0;
		};
		212637782EABFC383A7481A1 /* [CP] Check Pods Manifest.lock */ = {
			isa = PBXShellScriptBuildPhase;
			buildActionMask = 2147483647;
			files = (
			);
			inputFileListPaths = (
			);
			inputPaths = (
				"${PODS_PODFILE_DIR_PATH}/Podfile.lock",
				"${PODS_ROOT}/Manifest.lock",
			);
			name = "[CP] Check Pods Manifest.lock";
			outputFileListPaths = (
			);
			outputPaths = (
				"$(DERIVED_FILE_DIR)/Pods-Weather Logger-checkManifestLockResult.txt",
			);
			runOnlyForDeploymentPostprocessing = 0;
			shellPath = /bin/sh;
			shellScript = "diff \"${PODS_PODFILE_DIR_PATH}/Podfile.lock\" \"${PODS_ROOT}/Manifest.lock\" > /dev/null\nif [ $? != 0 ] ; then\n    # print error to STDERR\n    echo \"error: The sandbox is not in sync with the Podfile.lock. Run 'pod install' or update your CocoaPods installation.\" >&2\n    exit 1\nfi\n# This output is used by Xcode 'outputs' to avoid re-running this script phase.\necho \"SUCCESS\" > \"${SCRIPT_OUTPUT_FILE_0}\"\n";
			showEnvVarsInLog = 0;
		};
		31F7093B20A851CB0D7ECF0E /* [CP] Embed Pods Frameworks */ = {
			isa = PBXShellScriptBuildPhase;
			buildActionMask = 2147483647;
			files = (
			);
			inputFileListPaths = (
			);
			inputPaths = (
				"${SRCROOT}/Pods/Target Support Files/Pods-Weather LoggerTests/Pods-Weather LoggerTests-frameworks.sh",
				"${BUILT_PRODUCTS_DIR}/RxAtomic/RxAtomic.framework",
				"${BUILT_PRODUCTS_DIR}/RxSwift/RxSwift.framework",
				"${BUILT_PRODUCTS_DIR}/RxBlocking/RxBlocking.framework",
				"${BUILT_PRODUCTS_DIR}/RxTest/RxTest.framework",
			);
			name = "[CP] Embed Pods Frameworks";
			outputFileListPaths = (
			);
			outputPaths = (
				"${TARGET_BUILD_DIR}/${FRAMEWORKS_FOLDER_PATH}/RxAtomic.framework",
				"${TARGET_BUILD_DIR}/${FRAMEWORKS_FOLDER_PATH}/RxSwift.framework",
				"${TARGET_BUILD_DIR}/${FRAMEWORKS_FOLDER_PATH}/RxBlocking.framework",
				"${TARGET_BUILD_DIR}/${FRAMEWORKS_FOLDER_PATH}/RxTest.framework",
			);
			runOnlyForDeploymentPostprocessing = 0;
			shellPath = /bin/sh;
			shellScript = "\"${SRCROOT}/Pods/Target Support Files/Pods-Weather LoggerTests/Pods-Weather LoggerTests-frameworks.sh\"\n";
			showEnvVarsInLog = 0;
		};
		3980125A887690EDE4A6F31E /* [CP] Embed Pods Frameworks */ = {
			isa = PBXShellScriptBuildPhase;
			buildActionMask = 2147483647;
			files = (
			);
			inputFileListPaths = (
			);
			inputPaths = (
				"${SRCROOT}/Pods/Target Support Files/Pods-Weather Logger/Pods-Weather Logger-frameworks.sh",
				"${BUILT_PRODUCTS_DIR}/Alamofire/Alamofire.framework",
				"${BUILT_PRODUCTS_DIR}/Differentiator/Differentiator.framework",
				"${BUILT_PRODUCTS_DIR}/Realm/Realm.framework",
				"${BUILT_PRODUCTS_DIR}/RealmSwift/RealmSwift.framework",
				"${BUILT_PRODUCTS_DIR}/RxAlamofire/RxAlamofire.framework",
				"${BUILT_PRODUCTS_DIR}/RxAtomic/RxAtomic.framework",
				"${BUILT_PRODUCTS_DIR}/RxCocoa/RxCocoa.framework",
				"${BUILT_PRODUCTS_DIR}/RxDataSources/RxDataSources.framework",
				"${BUILT_PRODUCTS_DIR}/RxSwift/RxSwift.framework",
				"${BUILT_PRODUCTS_DIR}/SwiftyJSON/SwiftyJSON.framework",
			);
			name = "[CP] Embed Pods Frameworks";
			outputFileListPaths = (
			);
			outputPaths = (
				"${TARGET_BUILD_DIR}/${FRAMEWORKS_FOLDER_PATH}/Alamofire.framework",
				"${TARGET_BUILD_DIR}/${FRAMEWORKS_FOLDER_PATH}/Differentiator.framework",
				"${TARGET_BUILD_DIR}/${FRAMEWORKS_FOLDER_PATH}/Realm.framework",
				"${TARGET_BUILD_DIR}/${FRAMEWORKS_FOLDER_PATH}/RealmSwift.framework",
				"${TARGET_BUILD_DIR}/${FRAMEWORKS_FOLDER_PATH}/RxAlamofire.framework",
				"${TARGET_BUILD_DIR}/${FRAMEWORKS_FOLDER_PATH}/RxAtomic.framework",
				"${TARGET_BUILD_DIR}/${FRAMEWORKS_FOLDER_PATH}/RxCocoa.framework",
				"${TARGET_BUILD_DIR}/${FRAMEWORKS_FOLDER_PATH}/RxDataSources.framework",
				"${TARGET_BUILD_DIR}/${FRAMEWORKS_FOLDER_PATH}/RxSwift.framework",
				"${TARGET_BUILD_DIR}/${FRAMEWORKS_FOLDER_PATH}/SwiftyJSON.framework",
			);
			runOnlyForDeploymentPostprocessing = 0;
			shellPath = /bin/sh;
			shellScript = "\"${SRCROOT}/Pods/Target Support Files/Pods-Weather Logger/Pods-Weather Logger-frameworks.sh\"\n";
			showEnvVarsInLog = 0;
		};
		EDF73242A3B063A2035C8FB5 /* [CP] Check Pods Manifest.lock */ = {
			isa = PBXShellScriptBuildPhase;
			buildActionMask = 2147483647;
			files = (
			);
			inputFileListPaths = (
			);
			inputPaths = (
				"${PODS_PODFILE_DIR_PATH}/Podfile.lock",
				"${PODS_ROOT}/Manifest.lock",
			);
			name = "[CP] Check Pods Manifest.lock";
			outputFileListPaths = (
			);
			outputPaths = (
				"$(DERIVED_FILE_DIR)/Pods-Weather LoggerTests-checkManifestLockResult.txt",
			);
			runOnlyForDeploymentPostprocessing = 0;
			shellPath = /bin/sh;
			shellScript = "diff \"${PODS_PODFILE_DIR_PATH}/Podfile.lock\" \"${PODS_ROOT}/Manifest.lock\" > /dev/null\nif [ $? != 0 ] ; then\n    # print error to STDERR\n    echo \"error: The sandbox is not in sync with the Podfile.lock. Run 'pod install' or update your CocoaPods installation.\" >&2\n    exit 1\nfi\n# This output is used by Xcode 'outputs' to avoid re-running this script phase.\necho \"SUCCESS\" > \"${SCRIPT_OUTPUT_FILE_0}\"\n";
			showEnvVarsInLog = 0;
		};
/* End PBXShellScriptBuildPhase section */

/* Begin PBXSourcesBuildPhase section */
		234A1B19225A88B000C89020 /* Sources */ = {
			isa = PBXSourcesBuildPhase;
			buildActionMask = 2147483647;
			files = (
				23AC0CC3225BCD2600F23684 /* LogHistoryViewController.swift in Sources */,
				236BAF15225CE14B006D369E /* WeatherApi.swift in Sources */,
				236BAF1A225D1739006D369E /* CurrentWeatherResponseParser.swift in Sources */,
				234A1B21225A88B000C89020 /* AppDelegate.swift in Sources */,
				23198F75226382AA00CD747F /* Observable+Helpers.swift in Sources */,
				23198F7722639E5000CD747F /* RealmConfiguration.swift in Sources */,
				236BAF17225CE2DA006D369E /* ApiResponseParser.swift in Sources */,
				236BAF28225D3B2A006D369E /* WeatherViewModel.swift in Sources */,
				234A1B54225A90FC00C89020 /* HomeViewController.swift in Sources */,
				23198F722261204700CD747F /* LocationService.swift in Sources */,
				236BAF1D225D1836006D369E /* Weather.swift in Sources */,
			);
			runOnlyForDeploymentPostprocessing = 0;
		};
		234A1B2F225A88B100C89020 /* Sources */ = {
			isa = PBXSourcesBuildPhase;
			buildActionMask = 2147483647;
			files = (
				236BAF20225D1B38006D369E /* ApiResponseParser.swift in Sources */,
				236BAF1E225D1836006D369E /* Weather.swift in Sources */,
				236BAF21225D1B3F006D369E /* WeatherApi.swift in Sources */,
				234A1B38225A88B100C89020 /* Weather_LoggerTests.swift in Sources */,
				236BAF23225D1CD2006D369E /* CurrentWeatherResponseParserTests.swift in Sources */,
				236BAF1F225D183C006D369E /* CurrentWeatherResponseParser.swift in Sources */,
			);
			runOnlyForDeploymentPostprocessing = 0;
		};
		234A1B3A225A88B100C89020 /* Sources */ = {
			isa = PBXSourcesBuildPhase;
			buildActionMask = 2147483647;
			files = (
				234A1B43225A88B100C89020 /* Weather_LoggerUITests.swift in Sources */,
			);
			runOnlyForDeploymentPostprocessing = 0;
		};
/* End PBXSourcesBuildPhase section */

/* Begin PBXTargetDependency section */
		234A1B35225A88B100C89020 /* PBXTargetDependency */ = {
			isa = PBXTargetDependency;
			target = 234A1B1C225A88B000C89020 /* Weather Logger */;
			targetProxy = 234A1B34225A88B100C89020 /* PBXContainerItemProxy */;
		};
		234A1B40225A88B100C89020 /* PBXTargetDependency */ = {
			isa = PBXTargetDependency;
			target = 234A1B1C225A88B000C89020 /* Weather Logger */;
			targetProxy = 234A1B3F225A88B100C89020 /* PBXContainerItemProxy */;
		};
/* End PBXTargetDependency section */

/* Begin PBXVariantGroup section */
		234A1B26225A88B000C89020 /* Main.storyboard */ = {
			isa = PBXVariantGroup;
			children = (
				234A1B27225A88B000C89020 /* Base */,
			);
			name = Main.storyboard;
			sourceTree = "<group>";
		};
		234A1B2B225A88B100C89020 /* LaunchScreen.storyboard */ = {
			isa = PBXVariantGroup;
			children = (
				234A1B2C225A88B100C89020 /* Base */,
			);
			name = LaunchScreen.storyboard;
			sourceTree = "<group>";
		};
/* End PBXVariantGroup section */

/* Begin XCBuildConfiguration section */
		234A1B45225A88B100C89020 /* Debug */ = {
			isa = XCBuildConfiguration;
			buildSettings = {
				ALWAYS_SEARCH_USER_PATHS = NO;
				CLANG_ANALYZER_NONNULL = YES;
				CLANG_ANALYZER_NUMBER_OBJECT_CONVERSION = YES_AGGRESSIVE;
				CLANG_CXX_LANGUAGE_STANDARD = "gnu++14";
				CLANG_CXX_LIBRARY = "libc++";
				CLANG_ENABLE_MODULES = YES;
				CLANG_ENABLE_OBJC_ARC = YES;
				CLANG_ENABLE_OBJC_WEAK = YES;
				CLANG_WARN_BLOCK_CAPTURE_AUTORELEASING = YES;
				CLANG_WARN_BOOL_CONVERSION = YES;
				CLANG_WARN_COMMA = YES;
				CLANG_WARN_CONSTANT_CONVERSION = YES;
				CLANG_WARN_DEPRECATED_OBJC_IMPLEMENTATIONS = YES;
				CLANG_WARN_DIRECT_OBJC_ISA_USAGE = YES_ERROR;
				CLANG_WARN_DOCUMENTATION_COMMENTS = YES;
				CLANG_WARN_EMPTY_BODY = YES;
				CLANG_WARN_ENUM_CONVERSION = YES;
				CLANG_WARN_INFINITE_RECURSION = YES;
				CLANG_WARN_INT_CONVERSION = YES;
				CLANG_WARN_NON_LITERAL_NULL_CONVERSION = YES;
				CLANG_WARN_OBJC_IMPLICIT_RETAIN_SELF = YES;
				CLANG_WARN_OBJC_LITERAL_CONVERSION = YES;
				CLANG_WARN_OBJC_ROOT_CLASS = YES_ERROR;
				CLANG_WARN_RANGE_LOOP_ANALYSIS = YES;
				CLANG_WARN_STRICT_PROTOTYPES = YES;
				CLANG_WARN_SUSPICIOUS_MOVE = YES;
				CLANG_WARN_UNGUARDED_AVAILABILITY = YES_AGGRESSIVE;
				CLANG_WARN_UNREACHABLE_CODE = YES;
				CLANG_WARN__DUPLICATE_METHOD_MATCH = YES;
				CODE_SIGN_IDENTITY = "iPhone Developer";
				COPY_PHASE_STRIP = NO;
				DEBUG_INFORMATION_FORMAT = dwarf;
				ENABLE_STRICT_OBJC_MSGSEND = YES;
				ENABLE_TESTABILITY = YES;
				GCC_C_LANGUAGE_STANDARD = gnu11;
				GCC_DYNAMIC_NO_PIC = NO;
				GCC_NO_COMMON_BLOCKS = YES;
				GCC_OPTIMIZATION_LEVEL = 0;
				GCC_PREPROCESSOR_DEFINITIONS = (
					"DEBUG=1",
					"$(inherited)",
				);
				GCC_WARN_64_TO_32_BIT_CONVERSION = YES;
				GCC_WARN_ABOUT_RETURN_TYPE = YES_ERROR;
				GCC_WARN_UNDECLARED_SELECTOR = YES;
				GCC_WARN_UNINITIALIZED_AUTOS = YES_AGGRESSIVE;
				GCC_WARN_UNUSED_FUNCTION = YES;
				GCC_WARN_UNUSED_VARIABLE = YES;
				IPHONEOS_DEPLOYMENT_TARGET = 12.2;
				MTL_ENABLE_DEBUG_INFO = INCLUDE_SOURCE;
				MTL_FAST_MATH = YES;
				ONLY_ACTIVE_ARCH = YES;
				SDKROOT = iphoneos;
				SWIFT_ACTIVE_COMPILATION_CONDITIONS = DEBUG;
				SWIFT_OPTIMIZATION_LEVEL = "-Onone";
			};
			name = Debug;
		};
		234A1B46225A88B100C89020 /* Release */ = {
			isa = XCBuildConfiguration;
			buildSettings = {
				ALWAYS_SEARCH_USER_PATHS = NO;
				CLANG_ANALYZER_NONNULL = YES;
				CLANG_ANALYZER_NUMBER_OBJECT_CONVERSION = YES_AGGRESSIVE;
				CLANG_CXX_LANGUAGE_STANDARD = "gnu++14";
				CLANG_CXX_LIBRARY = "libc++";
				CLANG_ENABLE_MODULES = YES;
				CLANG_ENABLE_OBJC_ARC = YES;
				CLANG_ENABLE_OBJC_WEAK = YES;
				CLANG_WARN_BLOCK_CAPTURE_AUTORELEASING = YES;
				CLANG_WARN_BOOL_CONVERSION = YES;
				CLANG_WARN_COMMA = YES;
				CLANG_WARN_CONSTANT_CONVERSION = YES;
				CLANG_WARN_DEPRECATED_OBJC_IMPLEMENTATIONS = YES;
				CLANG_WARN_DIRECT_OBJC_ISA_USAGE = YES_ERROR;
				CLANG_WARN_DOCUMENTATION_COMMENTS = YES;
				CLANG_WARN_EMPTY_BODY = YES;
				CLANG_WARN_ENUM_CONVERSION = YES;
				CLANG_WARN_INFINITE_RECURSION = YES;
				CLANG_WARN_INT_CONVERSION = YES;
				CLANG_WARN_NON_LITERAL_NULL_CONVERSION = YES;
				CLANG_WARN_OBJC_IMPLICIT_RETAIN_SELF = YES;
				CLANG_WARN_OBJC_LITERAL_CONVERSION = YES;
				CLANG_WARN_OBJC_ROOT_CLASS = YES_ERROR;
				CLANG_WARN_RANGE_LOOP_ANALYSIS = YES;
				CLANG_WARN_STRICT_PROTOTYPES = YES;
				CLANG_WARN_SUSPICIOUS_MOVE = YES;
				CLANG_WARN_UNGUARDED_AVAILABILITY = YES_AGGRESSIVE;
				CLANG_WARN_UNREACHABLE_CODE = YES;
				CLANG_WARN__DUPLICATE_METHOD_MATCH = YES;
				CODE_SIGN_IDENTITY = "iPhone Developer";
				COPY_PHASE_STRIP = NO;
				DEBUG_INFORMATION_FORMAT = "dwarf-with-dsym";
				ENABLE_NS_ASSERTIONS = NO;
				ENABLE_STRICT_OBJC_MSGSEND = YES;
				GCC_C_LANGUAGE_STANDARD = gnu11;
				GCC_NO_COMMON_BLOCKS = YES;
				GCC_WARN_64_TO_32_BIT_CONVERSION = YES;
				GCC_WARN_ABOUT_RETURN_TYPE = YES_ERROR;
				GCC_WARN_UNDECLARED_SELECTOR = YES;
				GCC_WARN_UNINITIALIZED_AUTOS = YES_AGGRESSIVE;
				GCC_WARN_UNUSED_FUNCTION = YES;
				GCC_WARN_UNUSED_VARIABLE = YES;
				IPHONEOS_DEPLOYMENT_TARGET = 12.2;
				MTL_ENABLE_DEBUG_INFO = NO;
				MTL_FAST_MATH = YES;
				SDKROOT = iphoneos;
				SWIFT_COMPILATION_MODE = wholemodule;
				SWIFT_OPTIMIZATION_LEVEL = "-O";
				VALIDATE_PRODUCT = YES;
			};
			name = Release;
		};
		234A1B48225A88B100C89020 /* Debug */ = {
			isa = XCBuildConfiguration;
			baseConfigurationReference = DC548A8BBA80754634A88F96 /* Pods-Weather Logger.debug.xcconfig */;
			buildSettings = {
				ASSETCATALOG_COMPILER_APPICON_NAME = AppIcon;
				CODE_SIGN_STYLE = Automatic;
				DEVELOPMENT_TEAM = K2A68DCAU3;
				INFOPLIST_FILE = "Weather Logger/Info.plist";
				IPHONEOS_DEPLOYMENT_TARGET = 12.0;
				LD_RUNPATH_SEARCH_PATHS = (
					"$(inherited)",
					"@executable_path/Frameworks",
				);
				PRODUCT_BUNDLE_IDENTIFIER = "Eduard-Mukans.Weather-Logger";
				PRODUCT_NAME = "$(TARGET_NAME)";
				SWIFT_VERSION = 5.0;
				TARGETED_DEVICE_FAMILY = "1,2";
			};
			name = Debug;
		};
		234A1B49225A88B100C89020 /* Release */ = {
			isa = XCBuildConfiguration;
			baseConfigurationReference = 88F3B927B73009CD03D0FDCB /* Pods-Weather Logger.release.xcconfig */;
			buildSettings = {
				ASSETCATALOG_COMPILER_APPICON_NAME = AppIcon;
				CODE_SIGN_STYLE = Automatic;
				DEVELOPMENT_TEAM = K2A68DCAU3;
				INFOPLIST_FILE = "Weather Logger/Info.plist";
				IPHONEOS_DEPLOYMENT_TARGET = 12.0;
				LD_RUNPATH_SEARCH_PATHS = (
					"$(inherited)",
					"@executable_path/Frameworks",
				);
				PRODUCT_BUNDLE_IDENTIFIER = "Eduard-Mukans.Weather-Logger";
				PRODUCT_NAME = "$(TARGET_NAME)";
				SWIFT_VERSION = 5.0;
				TARGETED_DEVICE_FAMILY = "1,2";
			};
			name = Release;
		};
		234A1B4B225A88B100C89020 /* Debug */ = {
			isa = XCBuildConfiguration;
			baseConfigurationReference = 2CC68E33D283ABBB20EE3D72 /* Pods-Weather LoggerTests.debug.xcconfig */;
			buildSettings = {
				ALWAYS_EMBED_SWIFT_STANDARD_LIBRARIES = YES;
				BUNDLE_LOADER = "$(TEST_HOST)";
				CODE_SIGN_STYLE = Automatic;
				DEVELOPMENT_TEAM = K2A68DCAU3;
				INFOPLIST_FILE = "Weather LoggerTests/Info.plist";
				LD_RUNPATH_SEARCH_PATHS = (
					"$(inherited)",
					"@executable_path/Frameworks",
					"@loader_path/Frameworks",
				);
				PRODUCT_BUNDLE_IDENTIFIER = "Eduards-Mukans.Weather-LoggerTests";
				PRODUCT_NAME = "$(TARGET_NAME)";
				SWIFT_VERSION = 5.0;
				TARGETED_DEVICE_FAMILY = "1,2";
				TEST_HOST = "$(BUILT_PRODUCTS_DIR)/Weather Logger.app/Weather Logger";
			};
			name = Debug;
		};
		234A1B4C225A88B100C89020 /* Release */ = {
			isa = XCBuildConfiguration;
			baseConfigurationReference = 7F0CFD61B37C1C2B11C575EC /* Pods-Weather LoggerTests.release.xcconfig */;
			buildSettings = {
				ALWAYS_EMBED_SWIFT_STANDARD_LIBRARIES = YES;
				BUNDLE_LOADER = "$(TEST_HOST)";
				CODE_SIGN_STYLE = Automatic;
				DEVELOPMENT_TEAM = K2A68DCAU3;
				INFOPLIST_FILE = "Weather LoggerTests/Info.plist";
				LD_RUNPATH_SEARCH_PATHS = (
					"$(inherited)",
					"@executable_path/Frameworks",
					"@loader_path/Frameworks",
				);
				PRODUCT_BUNDLE_IDENTIFIER = "Eduards-Mukans.Weather-LoggerTests";
				PRODUCT_NAME = "$(TARGET_NAME)";
				SWIFT_VERSION = 5.0;
				TARGETED_DEVICE_FAMILY = "1,2";
				TEST_HOST = "$(BUILT_PRODUCTS_DIR)/Weather Logger.app/Weather Logger";
			};
			name = Release;
		};
		234A1B4E225A88B100C89020 /* Debug */ = {
			isa = XCBuildConfiguration;
			baseConfigurationReference = D78B38D4637BE9B9AAB6A023 /* Pods-Weather LoggerUITests.debug.xcconfig */;
			buildSettings = {
				ALWAYS_EMBED_SWIFT_STANDARD_LIBRARIES = YES;
				CODE_SIGN_STYLE = Automatic;
				DEVELOPMENT_TEAM = K2A68DCAU3;
				INFOPLIST_FILE = "Weather LoggerUITests/Info.plist";
				LD_RUNPATH_SEARCH_PATHS = (
					"$(inherited)",
					"@executable_path/Frameworks",
					"@loader_path/Frameworks",
				);
				PRODUCT_BUNDLE_IDENTIFIER = "Eduards-Mukans.Weather-LoggerUITests";
				PRODUCT_NAME = "$(TARGET_NAME)";
				SWIFT_VERSION = 5.0;
				TARGETED_DEVICE_FAMILY = "1,2";
				TEST_TARGET_NAME = "Weather Logger";
			};
			name = Debug;
		};
		234A1B4F225A88B100C89020 /* Release */ = {
			isa = XCBuildConfiguration;
			baseConfigurationReference = 291E91885623F049C4F61DE4 /* Pods-Weather LoggerUITests.release.xcconfig */;
			buildSettings = {
				ALWAYS_EMBED_SWIFT_STANDARD_LIBRARIES = YES;
				CODE_SIGN_STYLE = Automatic;
				DEVELOPMENT_TEAM = K2A68DCAU3;
				INFOPLIST_FILE = "Weather LoggerUITests/Info.plist";
				LD_RUNPATH_SEARCH_PATHS = (
					"$(inherited)",
					"@executable_path/Frameworks",
					"@loader_path/Frameworks",
				);
				PRODUCT_BUNDLE_IDENTIFIER = "Eduards-Mukans.Weather-LoggerUITests";
				PRODUCT_NAME = "$(TARGET_NAME)";
				SWIFT_VERSION = 5.0;
				TARGETED_DEVICE_FAMILY = "1,2";
				TEST_TARGET_NAME = "Weather Logger";
			};
			name = Release;
		};
/* End XCBuildConfiguration section */

/* Begin XCConfigurationList section */
		234A1B18225A88B000C89020 /* Build configuration list for PBXProject "Weather Logger" */ = {
			isa = XCConfigurationList;
			buildConfigurations = (
				234A1B45225A88B100C89020 /* Debug */,
				234A1B46225A88B100C89020 /* Release */,
			);
			defaultConfigurationIsVisible = 0;
			defaultConfigurationName = Release;
		};
		234A1B47225A88B100C89020 /* Build configuration list for PBXNativeTarget "Weather Logger" */ = {
			isa = XCConfigurationList;
			buildConfigurations = (
				234A1B48225A88B100C89020 /* Debug */,
				234A1B49225A88B100C89020 /* Release */,
			);
			defaultConfigurationIsVisible = 0;
			defaultConfigurationName = Release;
		};
		234A1B4A225A88B100C89020 /* Build configuration list for PBXNativeTarget "Weather LoggerTests" */ = {
			isa = XCConfigurationList;
			buildConfigurations = (
				234A1B4B225A88B100C89020 /* Debug */,
				234A1B4C225A88B100C89020 /* Release */,
			);
			defaultConfigurationIsVisible = 0;
			defaultConfigurationName = Release;
		};
		234A1B4D225A88B100C89020 /* Build configuration list for PBXNativeTarget "Weather LoggerUITests" */ = {
			isa = XCConfigurationList;
			buildConfigurations = (
				234A1B4E225A88B100C89020 /* Debug */,
				234A1B4F225A88B100C89020 /* Release */,
			);
			defaultConfigurationIsVisible = 0;
			defaultConfigurationName = Release;
		};
/* End XCConfigurationList section */
	};
	rootObject = 234A1B15225A88B000C89020 /* Project object */;
}
